version = 1
revision = 3
requires-python = ">=3.14"

[[package]]
name = "dbt"
version = "2.0.6"
source = { registry = "https://pypi.org/simple" }
dependencies = [
    { name = "mashumaro", extra = ["msgpack"] },
]
sdist = { url = "https://files.pythonhosted.org/packages/b2/a0/89db2b6e0abc254b31ef9995af17b76b1eef27b2362d8be0120add315abf/dbt-2.0.6.tar.gz", hash = "sha256:1e1b69302fcaa5e30fb0ab76e845693e679cad4ae48cbdfab3b425a33a94af16", size = 3291, upload-time = "2026-09-19T13:22:27.612Z" }

[[package]]
name = "mad-asmt"
version = "0.1.0"
source = { virtual = "." }
dependencies = [
    { name = "dbt" },
]

[package.metadata]
requires-dist = [{ name = "dbt", specifier = ">=2.0.6" }]

[[package]]
name = "mashumaro"
version = "3.22"
source = { registry = "https://pypi.org/simple" }
dependencies = [
    { name = "typing-extensions" },
]
sdist = { url = "https://files.pythonhosted.org/packages/d1/e3/a06dcd2e6df094c5e294721926f1f76da30f50823e2ac233a9198e804891/mashumaro-3.22.tar.gz", hash = "sha256:64538cc365204402a060ebde683a86505b5a4344acf6870d79021e9fbfe57360", size = 197845, upload-time = "2026-05-26T14:39:21.859Z" }
wheels = [
    { url = "https://files.pythonhosted.org/packages/9b/1c/92fd926c2e7763535454683250dbdd8d10aa2f2c62f58d6abbcce4d8b3fc/mashumaro-3.22-py3-none-any.whl", hash = "sha256:17dc4d7294c33ef380a8b929dda0608577aa2141988c00a0c4932310108fe71d", size = 95916, upload-time = "2026-05-26T14:39:20.233Z" },
]

[package.optional-dependencies]
msgpack = [
    { name = "msgpack" },
]

[[package]]
name = "msgpack"
version = "1.2.3"
source = { registry = "https://pypi.org/simple" }
sdist = { url = "https://files.pythonhosted.org/packages/0a/e7/bb605a7bab2d8425a64b3fa762b39dc1bf1c7e3f11ba6fb5413d6db0ff8c/msgpack-1.2.3.tar.gz", hash = "sha256:32edb81a2b5eb7cd7c9d941b2bfbbb082fd2cd09e0e725930316af6b708db186", size = 196517, upload-time = "2026-09-29T02:33:52.276Z" }
wheels = [
    { url = "https://files.pythonhosted.org/packages/3f/8e/f777f74e38731c428857933c8011596f2d2f3160c821152f23b6ffba862f/msgpack-1.2.3-cp314-cp314-macosx_10_15_x86_64.whl", hash = "sha256:3a31905206722103a84c1f72633fe30692cff6732c9d262e09a27dbc468797c8", size = 92042, upload-time = "2026-09-29T02:32:37.464Z" },
    { url = "https://files.pythonhosted.org/packages/a0/71/551608543ee5d590f7e8d522267665d6d9946866ad2a2a70a770f7c70793/msgpack-1.2.3-cp314-cp314-macosx_11_0_arm64.whl", hash = "sha256:3372475211a9ce1a23acefe512cb3e121d18c95dc74ed56cb1819ef40836ebf4", size = 90578, upload-time = "2026-09-29T02:32:38.883Z" },
    { url = "https://files.pythonhosted.org/packages/ea/11/6d78ce5a9a58bf9ba7b1b6a8f649173b030e6770c8019cf330b91825ee5d/msgpack-1.2.3-cp314-cp314-manylinux2014_aarch64.manylinux_2_17_aarch64.manylinux_2_28_aarch64.whl", hash = "sha256:9324c54995641c3d1f92a9d55093c8cde0ffa2fbc87a467a688ef60428393220", size = 454352, upload-time = "2026-09-29T02:32:40.34Z" },
    { url = "https://files.pythonhosted.org/packages/3d/08/feb9a196269ba7809f44f9117d9e4a601c41c313f6144fd0c337293a5488/msgpack-1.2.3-cp314-cp314-manylinux2014_x86_64.manylinux_2_17_x86_64.manylinux_2_28_x86_64.whl", hash = "sha256:d8ef3a66e4b52d2d7fdd90df2984670124b2ff7546d76bb25dcf68ef47f7df58", size = 462562, upload-time = "2026-09-29T02:32:42.176Z" },
    { url = "https://files.pythonhosted.org/packages/f5/77/3a674f366def24140b103d1ffd4fd27b3d912a13e47da67422afa16bebb3/msgpack-1.2.3-cp314-cp314-manylinux_2_31_riscv64.manylinux_2_39_riscv64.whl", hash = "sha256:902f3490db0e07a7d40b48536a85c9b28fbf1397e7e1658a45a55f958e303620", size = 418134, upload-time = "2026-09-29T02:32:43.693Z" },
    { url = "https://files.pythonhosted.org/packages/48/82/944e71f280577490d99a3951cbce21aa4cbe04e7ab42cb373fd668af883c/msgpack-1.2.3-cp314-cp314-musllinux_1_2_aarch64.whl", hash = "sha256:8e51eca14fbb65c4e0a5a9657346962bd3dca78c08e04e3d4dee70ef48687d30", size = 445937, upload-time = "2026-09-29T02:32:45.739Z" },
    { url = "https://files.pythonhosted.org/packages/b1/ec/feddd629c4a3edf1395313680450c525086cceab56dec0d4de9da9ccb618/msgpack-1.2.3-cp314-cp314-musllinux_1_2_riscv64.whl", hash = "sha256:f42f146752eedb6765f07dcc04d72dab0a25779ec8d4a88c0085263ce114f22c", size = 416450, upload-time = "2026-09-29T02:32:47.558Z" },
    { url = "https://files.pythonhosted.org/packages/e4/59/263a10f8c4613ba0713f48cbda7695ac8dd6d6fab2fcbc9168f03f23a94d/msgpack-1.2.3-cp314-cp314-musllinux_1_2_x86_64.whl", hash = "sha256:0ed5823c4efc20fe87d3530665f40ec18a002be003114814c21235cc8d256207", size = 459546, upload-time = "2026-09-29T02:32:49.145Z" },
    { url = "https://files.pythonhosted.org/packages/1e/21/addcfa1e583cfc8a22fbdc57526621b5decd7ad676ae12e9150b7be1be5d/msgpack-1.2.3-cp314-cp314-pyemscripten_2026_0_wasm32.whl", hash = "sha256:2487453ca1b6104442c6442f9a1a8fee1fe8f428a70d99d4cba799108b304150", size = 53462, upload-time = "2026-09-29T02:32:50.708Z" },
    { url = "https://files.pythonhosted.org/packages/8d/2c/3cb5c8524a1335ee27ca952c7ab78d375a16fea8e18ae3767ba0c880416c/msgpack-1.2.3-cp314-cp314-win32.whl", hash = "sha256:6df430419f2338cb71e4a34d6e64f83c88ccd321f91f40ba4513400b36d864ec", size = 70294, upload-time = "2026-09-29T02:32:52.037Z" },
    { url = "https://files.pythonhosted.org/packages/23/f9/9172ff3cdb85d160ad06df5e2708a5fce7682982a5eee8d31869b9f69d2e/msgpack-1.2.3-cp314-cp314-win_amd64.whl", hash = "sha256:84a6616d396ec1bc18a1e83e67c96a393ec35dfe5e17434a5be7b9aa0fe988ab", size = 77778, upload-time = "2026-09-29T02:32:53.429Z" },
    { url = "https://files.pythonhosted.org/packages/04/e8/b4c23178bcf605ae17cec48a75530dd69d49b0a5a6f5f4df5c47d59f746e/msgpack-1.2.3-cp314-cp314-win_arm64.whl", hash = "sha256:7a003b02c6ee2eea6dfe0bb08818631e3597e69f0131f2a8250488a1cc553290", size = 73794, upload-time = "2026-09-29T02:32:54.763Z" },
    { url = "https://files.pythonhosted.org/packages/66/b1/92704be352c4f428b7e0a0e0fb210cb1aa2b1c42c102b8dc22d34b82fac0/msgpack-1.2.3-cp314-cp314t-macosx_10_15_x86_64.whl", hash = "sha256:ccea05b5542f6d283fef3f0a8e93a7f0be90af0ddeeef84c25c0216ba76dcae1", size = 93721, upload-time = "2026-09-29T02:32:56.342Z" },
    { url = "https://files.pythonhosted.org/packages/49/78/9c91f1e86cadcbc100b3780fd429c3715648704032a612e77a00646ebe79/msgpack-1.2.3-cp314-cp314t-macosx_11_0_arm64.whl", hash = "sha256:b1631e12fe572e181cd77e831f69335d6cd5278eac22e3db3f33cf264ac2ac18", size = 94256, upload-time = "2026-09-29T02:32:58.056Z" },
    { url = "https://files.pythonhosted.org/packages/91/4d/270f9725921ae88a29d37a774a77ac24f0ef1411fc960a63f5a4665e81b4/msgpack-1.2.3-cp314-cp314t-manylinux2014_aarch64.manylinux_2_17_aarch64.manylinux_2_28_aarch64.whl", hash = "sha256:e54394b7dbe2e12ab032d9d21feef7bb61a90a150a2623633ba3781ba69dcb1f", size = 471673, upload-time = "2026-09-29T02:32:59.886Z" },
    { url = "https://files.pythonhosted.org/packages/48/b8/eaa8d930f72dc1d1dd79511dc2ccf965922b059f2f0ed3b30aebac8c4b11/msgpack-1.2.3-cp314-cp314t-manylinux2014_x86_64.manylinux_2_17_x86_64.manylinux_2_28_x86_64.whl", hash = "sha256:63bb7448a1e9111319ae2430c09a5596140c160422830d6271bc75730ff2ff9a", size = 466257, upload-time = "2026-09-29T02:33:01.517Z" },
    { url = "https://files.pythonhosted.org/packages/5b/5a/97adc805037bc7e24c4e2f711bbcd3b28be8ec9aea3e778f18208cfbdb46/msgpack-1.2.3-cp314-cp314t-manylinux_2_31_riscv64.manylinux_2_39_riscv64.whl", hash = "sha256:382bc88fe90f29f5ac8a0b65c7046ff255356f2f2f3186c30e370215736fa1dc", size = 418484, upload-time = "2026-09-29T02:33:03.402Z" },
    { url = "https://files.pythonhosted.org/packages/0d/7e/1c53302606fe436ab48ba539ebafafe4a6a9efe12c4f04dc7eb36912d93e/msgpack-1.2.3-cp314-cp314t-musllinux_1_2_aarch64.whl", hash = "sha256:c77e27790ad72989db783d5303825fba0b71550f00a490efba35cde7dc4b719f", size = 454064, upload-time = "2026-09-29T02:33:04.977Z" },
    { url = "https://files.pythonhosted.org/packages/00/2d/9ee0170f638907b396c15c6cd26b3e54f869159efc6206683acfd8f696e1/msgpack-1.2.3-cp314-cp314t-musllinux_1_2_riscv64.whl", hash = "sha256:700bc0fc9e968a292b9137ee70e7a012f7e115bf0107ce45e3a88202788dfc1e", size = 417901, upload-time = "2026-09-29T02:33:06.489Z" },
    { url = "https://files.pythonhosted.org/packages/cc/d2/905c84490a75cd15a27065407cd085d201f7d392e1e0411f49f03fd31ade/msgpack-1.2.3-cp314-cp314t-musllinux_1_2_x86_64.whl", hash = "sha256:5bd5f91ea75c45cafcc5433ba8fae59b708b736ec178d2441c40c499e9e079db", size = 459896, upload-time = "2026-09-29T02:33:08.361Z" },
    { url = "https://files.pythonhosted.org/packages/37/cd/4ce5809b9ab3b114d7cca64863e436820fa1614b49d55ccb93d49824ac2d/msgpack-1.2.3-cp314-cp314t-win32.whl", hash = "sha256:7995a7c6a62a1d6e7df211b4a16de513bd99fd053525050a319f80f44fb8015e", size = 75983, upload-time = "2026-09-29T02:33:10.023Z" },
    { url = "https://files.pythonhosted.org/packages/8a/31/853bb580744c24be0dbd8b090c3e6987dce466a1fc840fe50c0ac2ef9044/msgpack-1.2.3-cp314-cp314t-win_amd64.whl", hash = "sha256:bfe7d5b62cbe7aa664f0b3e2c49077f10fcdd06183d3014f8271ff3c5edbfbf9", size = 83757, upload-time = "2026-09-29T02:33:11.441Z" },
    { url = "https://files.pythonhosted.org/packages/0d/49/9f1b2ee484414eef9e21ee2b2b23b482bb71433ab9bac1da03cbda15ebf5/msgpack-1.2.3-cp314-cp314t-win_arm64.whl", hash = "sha256:1f585407f740a9eac04a3bb82c61d68a0ea78f90e29e670bfb086b9ce3a518dd", size = 78128, upload-time = "2026-09-29T02:33:13.063Z" },
    { url = "https://files.pythonhosted.org/packages/47/b8/50db4235407c3802f622b4ccdf65c6fe1e48d3c3eab6981fa6a9a5e53f11/msgpack-1.2.3-cp315-cp315-macosx_10_15_x86_64.whl", hash = "sha256:13221a6c81ebb8e43ea63a7251c35d54e4175cea37ebf3a62e911bdf42562a3c", size = 92111, upload-time = "2026-09-29T02:33:14.476Z" },
    { url = "https://files.pythonhosted.org/packages/15/56/50cf2a45c6163edafd737e2fd555103a26ce6748e1e241fb56ed445ea835/msgpack-1.2.3-cp315-cp315-macosx_11_0_arm64.whl", hash = "sha256:0955b9000725573d1457c1676944b370dd9643c8d18f25bda5ac72913f850949", size = 90583, upload-time = "2026-09-29T02:33:15.924Z" },
    { url = "https://files.pythonhosted.org/packages/2a/fd/8cc02f767c3bc94d2649c954d28dea935ce9398eb9c93ce2444bb9474cc1/msgpack-1.2.3-cp315-cp315-manylinux2014_aarch64.manylinux_2_17_aarch64.manylinux_2_28_aarch64.whl", hash = "sha256:0c91762c48cd686dc9cf2b142c0bc544083952de32f5853d6624c956e54b85e5", size = 454751, upload-time = "2026-09-29T02:33:17.475Z" },
    { url = "https://files.pythonhosted.org/packages/80/c9/ddb896767808e3e022453d8dfae26fd52ed404b0aa6fb7f752d39c040208/msgpack-1.2.3-cp315-cp315-manylinux2014_x86_64.manylinux_2_17_x86_64.manylinux_2_28_x86_64.whl", hash = "sha256:1f4ae8bd4ad9ba085fde95e95d055a896d19210238a4199a771a3cf36dceed49", size = 463597, upload-time = "2026-09-29T02:33:19.309Z" },
    { url = "https://files.pythonhosted.org/packages/4d/a5/e7c261abf75783c07dcac89951cb31dd0c123bf02fbdeda0c67303e698d8/msgpack-1.2.3-cp315-cp315-manylinux_2_31_riscv64.manylinux_2_39_riscv64.whl", hash = "sha256:7013534a7163aa4f213c4d9864f1a8a7555daac6fcd48f699a198e29b436bfab", size = 422661, upload-time = "2026-09-29T02:33:21.093Z" },
    { url = "https://files.pythonhosted.org/packages/9d/8e/466d5133f9e1c2e232e15e304f715b62f6f0e28332d18e37d975fe174315/msgpack-1.2.3-cp315-cp315-musllinux_1_2_aarch64.whl", hash = "sha256:6a834097144aabe948b8ca9020a833e8026f7d0abbd0ec54bc7e50f45a8ce012", size = 445188, upload-time = "2026-09-29T02:33:22.877Z" },
    { url = "https://files.pythonhosted.org/packages/d4/b4/33e7ad987ee2f4b3d449a6cbf28f574ed222987ca7f65ad277072646ac5e/msgpack-1.2.3-cp315-cp315-musllinux_1_2_riscv64.whl", hash = "sha256:d31864ba3933a589b6a00249f89c0eb422197f49128fc10da550e57e9cb0f377", size = 420451, upload-time = "2026-09-29T02:33:24.485Z" },
    { url = "https://files.pythonhosted.org/packages/34/2c/9d8be0d6c16e7e6131cd7da20257dd3da65473e3e6df0c00572fb10a195c/msgpack-1.2.3-cp315-cp315-musllinux_1_2_x86_64.whl", hash = "sha256:e15f70588f4db8cd10df0930145b186de70feb9db51710cd378b1399009655bd", size = 460624, upload-time = "2026-09-29T02:33:26.063Z" },
    { url = "https://files.pythonhosted.org/packages/6a/e7/3a04783582c6f44f398cbfcf5f07a111192126ec4e63edf7f5640143bf64/msgpack-1.2.3-cp315-cp315-pyemscripten_2026_5_wasm32.whl", hash = "sha256:b949cc25e4a09252cbcc54e66e507de914d0e94a3a7039bd54c299bf7037c098", size = 53474, upload-time = "2026-09-29T02:33:27.83Z" },
    { url = "https://files.pythonhosted.org/packages/68/fb/db07359851644e258609d84f8e4fe0030ef448c108e20afe73f2a3bf539c/msgpack-1.2.3-cp315-cp315-win32.whl", hash = "sha256:8ec7a1d49ca6c2569d722ab5ec86e90089b0713900aa31905b47b4c4d9e78ce0", size = 70344, upload-time = "2026-09-29T02:33:29.382Z" },
    { url = "https://files.pythonhosted.org/packages/5b/e4/cf5584d2f2a2e4465d5896a855a3e75a34a20ab172360b3d42ad862dd1ce/msgpack-1.2.3-cp315-cp315-win_amd64.whl", hash = "sha256:79dfa38faf92f804aa61beec140d70b18418e1dde1778dbb77a87a4cce85aa8a", size = 77800, upload-time = "2026-09-29T02:33:30.941Z" },
    { url = "https://files.pythonhosted.org/packages/63/f9/518ad4e8a580027b507eafdd26de7aae661a714e43d7c111c212482e4a1b/msgpack-1.2.3-cp315-cp315-win_arm64.whl", hash = "sha256:ed899d73a22f286a72bd9528d63f2ab3030dbad8bf1527fc249319a50d61fb9d", size = 73871, upload-time = "2026-09-29T02:33:32.406Z" },
    { url = "https://files.pythonhosted.org/packages/a4/79/254d4c9ad642b2a3ba84e646787892b34cc815eb36c9976f67a1c4f38515/msgpack-1.2.3-cp315-cp315t-macosx_10_15_x86_64.whl", hash = "sha256:f56fba61b2516be7917cb00151f0d060b5b21184e3499bb57f0f7d9259bea124", size = 93370, upload-time = "2026-09-29T02:33:33.87Z" },
    { url = "https://files.pythonhosted.org/packages/3d/6f/5a2ba167646a25e84eaa8894e12935351e4331b80c28a9237ce6fe8d375f/msgpack-1.2.3-cp315-cp315t-macosx_11_0_arm64.whl", hash = "sha256:69ad12cedb674c73527bed869cddb42b742cac79a207a614202a4abaa24ea173", size = 93959, upload-time = "2026-09-29T02:33:35.503Z" },
    { url = "https://files.pythonhosted.org/packages/e9/a1/2b44612e55f7cf5d5e4b580294959b4429bbbcb1991177888e3e18668137/msgpack-1.2.3-cp315-cp315t-manylinux2014_aarch64.manylinux_2_17_aarch64.manylinux_2_28_aarch64.whl", hash = "sha256:db9fb67a3a2e75247bae569d34ebb5ff61c0448a4f0d6dbf991dae68af39b007", size = 467921, upload-time = "2026-09-29T02:33:37.023Z" },
    { url = "https://files.pythonhosted.org/packages/0b/6e/3309798ed1c11d7fcfdc7b946642685b0ff1588477925bc0d26bee7dcaae/msgpack-1.2.3-cp315-cp315t-manylinux2014_x86_64.manylinux_2_17_x86_64.manylinux_2_28_x86_64.whl", hash = "sha256:2574ef81c1c8c38b10e330f3f9406fd09198a776b002030fafcf8e7647e9e06e", size = 467310, upload-time = "2026-09-29T02:33:38.799Z" },
    { url = "https://files.pythonhosted.org/packages/6f/79/9c799f489fa4146de4e00cfe9fee17afe33d8012f88ddffffea94f7c4700/msgpack-1.2.3-cp315-cp315t-manylinux_2_31_riscv64.manylinux_2_39_riscv64.whl", hash = "sha256:fafc3b8898b432b841d30a61082c599fa7f4d06885f9dc58ad72259e12059fa6", size = 420178, upload-time = "2026-09-29T02:33:40.781Z" },
    { url = "https://files.pythonhosted.org/packages/94/c6/5850dc9cafcd2ea315692e65db0e222d20923dd55f44adf35061003de27e/msgpack-1.2.3-cp315-cp315t-musllinux_1_2_aarch64.whl", hash = "sha256:a393e428f6ffb0dcb73308c1fff5593041c16ff42da66e5bac8a83a6107a54b0", size = 450248, upload-time = "2026-09-29T02:33:42.366Z" },
    { url = "https://files.pythonhosted.org/packages/a9/d2/b4c806e3497fe21f0b353568266aec14ff735d092aea672de7b2955db03f/msgpack-1.2.3-cp315-cp315t-musllinux_1_2_riscv64.whl", hash = "sha256:d1c1e8989a855b7f1f2a64ec4a80b23a631822903952770813857b2e4f460471", size = 418431, upload-time = "2026-09-29T02:33:44.178Z" },
    { url = "https://files.pythonhosted.org/packages/b0/f5/f4ecc3ddac4d551bf2f3cdb283ec546dcc826fe7c500074be61aa273e08a/msgpack-1.2.3-cp315-cp315t-musllinux_1_2_x86_64.whl", hash = "sha256:e0bd394e999949c814f7912284243298de1b5a17b6a3dcb6cc8a79b156ffc4fa", size = 457543, upload-time = "2026-09-29T02:33:45.978Z" },
    { url = "https://files.pythonhosted.org/packages/a4/69/1c821d8386fae5cecc5fcaacf3de3947ff0a23f16bb481b5532b5868372a/msgpack-1.2.3-cp315-cp315t-win32.whl", hash = "sha256:3d4c807ed050fe3ddbea5ba7e9f63d7136871ce42861be1f50ff739f0e91047a", size = 75820, upload-time = "2026-09-29T02:33:47.596Z" },
    { url = "https://files.pythonhosted.org/packages/68/9e/41e2f7343a3764a9c1fb10c79f9a6a05db9df93dedd76401d1b511f5a685/msgpack-1.2.3-cp315-cp315t-win_amd64.whl", hash = "sha256:5f304123b90e8b2e49867981b7f6061612c39f50cca51ee88de007c084cf68d3", size = 83345, upload-time = "2026-09-29T02:33:49.325Z" },
    { url = "https://files.pythonhosted.org/packages/80/cd/0c3aa439bc7a7bf24684fef3a0ad776cba170e18ed94445e723bce42fce7/msgpack-1.2.3-cp315-cp315t-win_arm64.whl", hash = "sha256:f41ca154b7737b11893cdce3c78c61d703398a1cd54d4297bdad908392338a8e", size = 77572, upload-time = "2026-09-29T02:33:50.729Z" },
]

[[package]]
name = "typing-extensions"
version = "4.16.0"
source = { registry = "https://pypi.org/simple" }
sdist = { url = "https://files.pythonhosted.org/packages/f6/cc/6253133b5bb138fc3306cebfbda2c520f545d36b5be2c7255cc528bb45d6/typing_extensions-4.16.0.tar.gz", hash = "sha256:dc983d19a509c94dba722ee6abd33940f7c05a89e243c47e907eb4db6f1a43e5", size = 113555, upload-time = "2026-07-02T08:40:05.92Z" }
wheels = [
    { url = "https://files.pythonhosted.org/packages/49/d3/b8441a820a491ddfc024b0b0cf0393375b75ea13866d9c66727e54c2fc80/typing_extensions-4.16.0-py3-none-any.whl", hash = "sha256:481caa481374e813c1b176ada14e97f1f67a4539ce9cfeb3f350d78d6370c2e8", size = 45571, upload-time = "2026-07-02T08:40:04.659Z" },
]
